
Microsoft Visual Studio Solution File, Format Version 12.00
# Visual Studio 2013
VisualStudioVersion = 12.0.21005.1
MinimumVisualStudioVersion = 10.0.40219.1
Project("{FAE04EC0-301F-11D3-BF4B-00C04F79EFBC}") = "NetAssistTool", "NetAssistTool\NetAssistTool.csproj", "{45927772-7292-432E-8B3E-EB03948607B3}"
EndProject
Project("{FAE04EC0-301F-11D3-BF4B-00C04F79EFBC}") = "NetAssistToolClient", "NetAssistToolClient\NetAssistToolClient.csproj", "{29E20815-69BD-454F-B89E-100D42BE603F}"
EndProject
Global
	GlobalSection(SolutionConfigurationPlatforms) = preSolution
		Debug|Any CPU = Debug|Any CPU
		Release|Any CPU = Release|Any CPU
	EndGlobalSection
	GlobalSection(ProjectConfigurationPlatforms) = postSolution
		{45927772-7292-432E-8B3E-EB03948607B3}.Debug|Any CPU.ActiveCfg = Debug|Any CPU
		{45927772-7292-432E-8B3E-EB03948607B3}.Debug|Any CPU.Build.0 = Debug|Any CPU
		{45927772-7292-432E-8B3E-EB03948607B3}.Release|Any CPU.ActiveCfg = Release|Any CPU
		{45927772-7292-432E-8B3E-EB03948607B3}.Release|Any CPU.Build.0 = Release|Any CPU
		{29E20815-69BD-454F-B89E-100D42BE603F}.Debug|Any CPU.ActiveCfg = Debug|Any CPU
		{29E20815-69BD-454F-B89E-100D42BE603F}.Debug|Any CPU.Build.0 = Debug|Any CPU
		{29E20815-69BD-454F-B89E-100D42BE603F}.Release|Any CPU.ActiveCfg = Release|Any CPU
		{29E20815-69BD-454F-B89E-100D42BE603F}.Release|Any CPU.Build.0 = Release|Any CPU
	EndGlobalSection
	GlobalSection(SolutionProperties) = preSolution
		HideSolutionNode = FALSE
	EndGlobalSection
EndGlobal
